// !$*UTF8*$!
{
	archiveVersion = 1;
	classes = {
	};
	objectVersion = 50;
	objects = {

/* Begin PBXBuildFile section */
		D986BD5F235744B900997744 /* LocalNotificationManager.swift in Sources */ = {isa = PBXBuildFile; fileRef = D986BD5E235744B900997744 /* LocalNotificationManager.swift */; };
		D9D91EA423705A7900D0DADB /* PushNotificationManager.swift in Sources */ = {isa = PBXBuildFile; fileRef = D9D91EA323705A7900D0DADB /* PushNotificationManager.swift */; };
		D9D91EA823705C5500D0DADB /* NotificationManager.swift in Sources */ = {isa = PBXBuildFile; fileRef = D9D91EA723705C5500D0DADB /* NotificationManager.swift */; };
		D9F08893235637BA0033D7D3 /* AppDelegate.swift in Sources */ = {isa = PBXBuildFile; fileRef = D9F08892235637BA0033D7D3 /* AppDelegate.swift */; };
		D9F08895235637BA0033D7D3 /* SceneDelegate.swift in Sources */ = {isa = PBXBuildFile; fileRef = D9F08894235637BA0033D7D3 /* SceneDelegate.swift */; };
		D9F08897235637BA0033D7D3 /* ViewController.swift in Sources */ = {isa = PBXBuildFile; fileRef = D9F08896235637BA0033D7D3 /* ViewController.swift */; };
		D9F0889A235637BA0033D7D3 /* Main.storyboard in Resources */ = {isa = PBXBuildFile; fileRef = D9F08898235637BA0033D7D3 /* Main.storyboard */; };
		D9F0889C235637BC0033D7D3 /* Assets.xcassets in Resources */ = {isa = PBXBuildFile; fileRef = D9F0889B235637BC0033D7D3 /* Assets.xcassets */; };
		D9F0889F235637BC0033D7D3 /* LaunchScreen.storyboard in Resources */ = {isa = PBXBuildFile; fileRef = D9F0889D235637BC0033D7D3 /* LaunchScreen.storyboard */; };
/* End PBXBuildFile section */

/* Begin PBXFileReference section */
		D986BD5E235744B900997744 /* LocalNotificationManager.swift */ = {isa = PBXFileReference; lastKnownFileType = sourcecode.swift; path = LocalNotificationManager.swift; sourceTree = "<group>"; };
		D9D91EA323705A7900D0DADB /* PushNotificationManager.swift */ = {isa = PBXFileReference; lastKnownFileType = sourcecode.swift; path = PushNotificationManager.swift; sourceTree = "<group>"; };
		D9D91EA723705C5500D0DADB /* NotificationManager.swift */ = {isa = PBXFileReference; lastKnownFileType = sourcecode.swift; path = NotificationManager.swift; sourceTree = "<group>"; };
		D9F0888F235637BA0033D7D3 /* notification.app */ = {isa = PBXFileReference; explicitFileType = wrapper.application; includeInIndex = 0; path = notification.app; sourceTree = BUILT_PRODUCTS_DIR; };
		D9F08892235637BA0033D7D3 /* AppDelegate.swift */ = {isa = PBXFileReference; lastKnownFileType = sourcecode.swift; path = AppDelegate.swift; sourceTree = "<group>"; };
		D9F08894235637BA0033D7D3 /* SceneDelegate.swift */ = {isa = PBXFileReference; lastKnownFileType = sourcecode.swift; path = SceneDelegate.swift; sourceTree = "<group>"; };
		D9F08896235637BA0033D7D3 /* ViewController.swift */ = {isa = PBXFileReference; lastKnownFileType = sourcecode.swift; path = ViewController.swift; sourceTree = "<group>"; };
		D9F08899235637BA0033D7D3 /* Base */ = {isa = PBXFileReference; lastKnownFileType = file.storyboard; name = Base; path = Base.lproj/Main.storyboard; sourceTree = "<group>"; };
		D9F0889B235637BC0033D7D3 /* Assets.xcassets */ = {isa = PBXFileReference; lastKnownFileType = folder.assetcatalog; path = Assets.xcassets; sourceTree = "<group>"; };
		D9F0889E235637BC0033D7D3 /* Base */ = {isa = PBXFileReference; lastKnownFileType = file.storyboard; name = Base; path = Base.lproj/LaunchScreen.storyboard; sourceTree = "<group>"; };
		D9F088A0235637BC0033D7D3 /* Info.plist */ = {isa = PBXFileReference; lastKnownFileType = text.plist.xml; path = Info.plist; sourceTree = "<group>"; };
/* End PBXFileReference section */

/* Begin PBXFrameworksBuildPhase section */
		D9F0888C235637BA0033D7D3 /* Frameworks */ = {
			isa = PBXFrameworksBuildPhase;
			buildActionMask = 2147483647;
			files = (
			);
			runOnlyForDeploymentPostprocessing = 0;
		};
/* End PBXFrameworksBuildPhase section */

/* Begin PBXGroup section */
		D986BD5A2357444300997744 /* Interface */ = {
			isa = PBXGroup;
			children = (
				D9F0889B235637BC0033D7D3 /* Assets.xcassets */,
				D9F0889D235637BC0033D7D3 /* LaunchScreen.storyboard */,
				D9F08898235637BA0033D7D3 /* Main.storyboard */,
			);
			path = Interface;
			sourceTree = "<group>";
		};
		D986BD5B2357444C00997744 /* Application */ = {
			isa = PBXGroup;
			children = (
				D9F08892235637BA0033D7D3 /* AppDelegate.swift */,
				D9F088A0235637BC0033D7D3 /* Info.plist */,
				D9F08894235637BA0033D7D3 /* SceneDelegate.swift */,
			);
			path = Application;
			sourceTree = "<group>";
		};
		D986BD5C2357448700997744 /* Controllers */ = {
			isa = PBXGroup;
			children = (
				D9F08896235637BA0033D7D3 /* ViewController.swift */,
			);
			path = Controllers;
			sourceTree = "<group>";
		};
		D986BD5D2357449000997744 /* Notification */ = {
			isa = PBXGroup;
			children = (
				D986BD5E235744B900997744 /* LocalNotificationManager.swift */,
				D9D91EA723705C5500D0DADB /* NotificationManager.swift */,
				D9D91EA323705A7900D0DADB /* PushNotificationManager.swift */,
			);
			path = Notification;
			sourceTree = "<group>";
		};
		D9F08886235637BA0033D7D3 = {
			isa = PBXGroup;
			children = (
				D9F08891235637BA0033D7D3 /* notification */,
				D9F08890235637BA0033D7D3 /* Products */,
			);
			sourceTree = "<group>";
		};
		D9F08890235637BA0033D7D3 /* Products */ = {
			isa = PBXGroup;
			children = (
				D9F0888F235637BA0033D7D3 /* notification.app */,
			);
			name = Products;
			sourceTree = "<group>";
		};
		D9F08891235637BA0033D7D3 /* notification */ = {
			isa = PBXGroup;
			children = (
				D986BD5B2357444C00997744 /* Application */,
				D986BD5C2357448700997744 /* Controllers */,
				D986BD5A2357444300997744 /* Interface */,
				D986BD5D2357449000997744 /* Notification */,
			);
			path = notification;
			sourceTree = "<group>";
		};
/* End PBXGroup section */

/* Begin PBXNativeTarget section */
		D9F0888E235637BA0033D7D3 /* notification */ = {
			isa = PBXNativeTarget;
			buildConfigurationList = D9F088A3235637BC0033D7D3 /* Build configuration list for PBXNativeTarget "notification" */;
			buildPhases = (
				D9F0888B235637BA0033D7D3 /* Sources */,
				D9F0888C235637BA0033D7D3 /* Frameworks */,
				D9F0888D235637BA0033D7D3 /* Resources */,
			);
			buildRules = (
			);
			dependencies = (
			);
			name = notification;
			productName = notification;
			productReference = D9F0888F235637BA0033D7D3 /* notification.app */;
			productType = "com.apple.product-type.application";
		};
/* End PBXNativeTarget section */

/* Begin PBXProject section */
		D9F08887235637BA0033D7D3 /* Project object */ = {
			isa = PBXProject;
			attributes = {
				LastSwiftUpdateCheck = 1110;
				LastUpgradeCheck = 1110;
				ORGANIZATIONNAME = "Emerson Victor";
				TargetAttributes = {
					D9F0888E235637BA0033D7D3 = {
						CreatedOnToolsVersion = 11.1;
					};
				};
			};
			buildConfigurationList = D9F0888A235637BA0033D7D3 /* Build configuration list for PBXProject "notification" */;
			compatibilityVersion = "Xcode 9.3";
			developmentRegion = en;
			hasScannedForEncodings = 0;
			knownRegions = (
				en,
				Base,
			);
			mainGroup = D9F08886235637BA0033D7D3;
			productRefGroup = D9F08890235637BA0033D7D3 /* Products */;
			projectDirPath = "";
			projectRoot = "";
			targets = (
				D9F0888E235637BA0033D7D3 /* notification */,
			);
		};
/* End PBXProject section */

/* Begin PBXResourcesBuildPhase section */
		D9F0888D235637BA0033D7D3 /* Resources */ = {
			isa = PBXResourcesBuildPhase;
			buildActionMask = 2147483647;
			files = (
				D9F0889F235637BC0033D7D3 /* LaunchScreen.storyboard in Resources */,
				D9F0889C235637BC0033D7D3 /* Assets.xcassets in Resources */,
				D9F0889A235637BA0033D7D3 /* Main.storyboard in Resources */,
			);
			runOnlyForDeploymentPostprocessing = 0;
		};
/* End PBXResourcesBuildPhase section */

/* Begin PBXSourcesBuildPhase section */
		D9F0888B235637BA0033D7D3 /* Sources */ = {
			isa = PBXSourcesBuildPhase;
			buildActionMask = 2147483647;
			files = (
				D9D91EA423705A7900D0DADB /* PushNotificationManager.swift in Sources */,
				D9F08897235637BA0033D7D3 /* ViewController.swift in Sources */,
				D9F08893235637BA0033D7D3 /* AppDelegate.swift in Sources */,
				D986BD5F235744B900997744 /* LocalNotificationManager.swift in Sources */,
				D9F08895235637BA0033D7D3 /* SceneDelegate.swift in Sources */,
				D9D91EA823705C5500D0DADB /* NotificationManager.swift in Sources */,
			);
			runOnlyForDeploymentPostprocessing = 0;
		};
/* End PBXSourcesBuildPhase section */

/* Begin PBXVariantGroup section */
		D9F08898235637BA0033D7D3 /* Main.storyboard */ = {
			isa = PBXVariantGroup;
			children = (
				D9F08899235637BA0033D7D3 /* Base */,
			);
			name = Main.storyboard;
			sourceTree = "<group>";
		};
		D9F0889D235637BC0033D7D3 /* LaunchScreen.storyboard */ = {
			isa = PBXVariantGroup;
			children = (
				D9F0889E235637BC0033D7D3 /* Base */,
			);
			name = LaunchScreen.storyboard;
			sourceTree = "<group>";
		};
/* End PBXVariantGroup section */

/* Begin XCBuildConfiguration section */
		D9F088A1235637BC0033D7D3 /* Debug */ = {
			isa = XCBuildConfiguration;
			buildSettings = {
				ALWAYS_SEARCH_USER_PATHS = NO;
				CLANG_ANALYZER_NONNULL = YES;
				CLANG_ANALYZER_NUMBER_OBJECT_CONVERSION = YES_AGGRESSIVE;
				CLANG_CXX_LANGUAGE_STANDARD = "gnu++14";
				CLANG_CXX_LIBRARY = "libc++";
				CLANG_ENABLE_MODULES = YES;
				CLANG_ENABLE_OBJC_ARC = YES;
				CLANG_ENABLE_OBJC_WEAK = YES;
				CLANG_WARN_BLOCK_CAPTURE_AUTORELEASING = YES;
				CLANG_WARN_BOOL_CONVERSION = YES;
				CLANG_WARN_COMMA = YES;
				CLANG_WARN_CONSTANT_CONVERSION = YES;
				CLANG_WARN_DEPRECATED_OBJC_IMPLEMENTATIONS = YES;
				CLANG_WARN_DIRECT_OBJC_ISA_USAGE = YES_ERROR;
				CLANG_WARN_DOCUMENTATION_COMMENTS = YES;
				CLANG_WARN_EMPTY_BODY = YES;
				CLANG_WARN_ENUM_CONVERSION = YES;
				CLANG_WARN_INFINITE_RECURSION = YES;
				CLANG_WARN_INT_CONVERSION = YES;
				CLANG_WARN_NON_LITERAL_NULL_CONVERSION = YES;
				CLANG_WARN_OBJC_IMPLICIT_RETAIN_SELF = YES;
				CLANG_WARN_OBJC_LITERAL_CONVERSION = YES;
				CLANG_WARN_OBJC_ROOT_CLASS = YES_ERROR;
				CLANG_WARN_RANGE_LOOP_ANALYSIS = YES;
				CLANG_WARN_STRICT_PROTOTYPES = YES;
				CLANG_WARN_SUSPICIOUS_MOVE = YES;
				CLANG_WARN_UNGUARDED_AVAILABILITY = YES_AGGRESSIVE;
				CLANG_WARN_UNREACHABLE_CODE = YES;
				CLANG_WARN__DUPLICATE_METHOD_MATCH = YES;
				COPY_PHASE_STRIP = NO;
				DEBUG_INFORMATION_FORMAT = dwarf;
				ENABLE_STRICT_OBJC_MSGSEND = YES;
				ENABLE_TESTABILITY = YES;
				GCC_C_LANGUAGE_STANDARD = gnu11;
				GCC_DYNAMIC_NO_PIC = NO;
				GCC_NO_COMMON_BLOCKS = YES;
				GCC_OPTIMIZATION_LEVEL = 0;
				GCC_PREPROCESSOR_DEFINITIONS = (
					"DEBUG=1",
					"$(inherited)",
				);
				GCC_WARN_64_TO_32_BIT_CONVERSION = YES;
				GCC_WARN_ABOUT_RETURN_TYPE = YES_ERROR;
				GCC_WARN_UNDECLARED_SELECTOR = YES;
				GCC_WARN_UNINITIALIZED_AUTOS = YES_AGGRESSIVE;
				GCC_WARN_UNUSED_FUNCTION = YES;
				GCC_WARN_UNUSED_VARIABLE = YES;
				IPHONEOS_DEPLOYMENT_TARGET = 13.1;
				MTL_ENABLE_DEBUG_INFO = INCLUDE_SOURCE;
				MTL_FAST_MATH = YES;
				ONLY_ACTIVE_ARCH = YES;
				SDKROOT = iphoneos;
				SWIFT_ACTIVE_COMPILATION_CONDITIONS = DEBUG;
				SWIFT_OPTIMIZATION_LEVEL = "-Onone";
			};
			name = Debug;
		};
		D9F088A2235637BC0033D7D3 /* Release */ = {
			isa = XCBuildConfiguration;
			buildSettings = {
				ALWAYS_SEARCH_USER_PATHS = NO;
				CLANG_ANALYZER_NONNULL = YES;
				CLANG_ANALYZER_NUMBER_OBJECT_CONVERSION = YES_AGGRESSIVE;
				CLANG_CXX_LANGUAGE_STANDARD = "gnu++14";
				CLANG_CXX_LIBRARY = "libc++";
				CLANG_ENABLE_MODULES = YES;
				CLANG_ENABLE_OBJC_ARC = YES;
				CLANG_ENABLE_OBJC_WEAK = YES;
				CLANG_WARN_BLOCK_CAPTURE_AUTORELEASING = YES;
				CLANG_WARN_BOOL_CONVERSION = YES;
				CLANG_WARN_COMMA = YES;
				CLANG_WARN_CONSTANT_CONVERSION = YES;
				CLANG_WARN_DEPRECATED_OBJC_IMPLEMENTATIONS = YES;
				CLANG_WARN_DIRECT_OBJC_ISA_USAGE = YES_ERROR;
				CLANG_WARN_DOCUMENTATION_COMMENTS = YES;
				CLANG_WARN_EMPTY_BODY = YES;
				CLANG_WARN_ENUM_CONVERSION = YES;
				CLANG_WARN_INFINITE_RECURSION = YES;
				CLANG_WARN_INT_CONVERSION = YES;
				CLANG_WARN_NON_LITERAL_NULL_CONVERSION = YES;
				CLANG_WARN_OBJC_IMPLICIT_RETAIN_SELF = YES;
				CLANG_WARN_OBJC_LITERAL_CONVERSION = YES;
				CLANG_WARN_OBJC_ROOT_CLASS = YES_ERROR;
				CLANG_WARN_RANGE_LOOP_ANALYSIS = YES;
				CLANG_WARN_STRICT_PROTOTYPES = YES;
				CLANG_WARN_SUSPICIOUS_MOVE = YES;
				CLANG_WARN_UNGUARDED_AVAILABILITY = YES_AGGRESSIVE;
				CLANG_WARN_UNREACHABLE_CODE = YES;
				CLANG_WARN__DUPLICATE_METHOD_MATCH = YES;
				COPY_PHASE_STRIP = NO;
				DEBUG_INFORMATION_FORMAT = "dwarf-with-dsym";
				ENABLE_NS_ASSERTIONS = NO;
				ENABLE_STRICT_OBJC_MSGSEND = YES;
				GCC_C_LANGUAGE_STANDARD = gnu11;
				GCC_NO_COMMON_BLOCKS = YES;
				GCC_WARN_64_TO_32_BIT_CONVERSION = YES;
				GCC_WARN_ABOUT_RETURN_TYPE = YES_ERROR;
				GCC_WARN_UNDECLARED_SELECTOR = YES;
				GCC_WARN_UNINITIALIZED_AUTOS = YES_AGGRESSIVE;
				GCC_WARN_UNUSED_FUNCTION = YES;
				GCC_WARN_UNUSED_VARIABLE = YES;
				IPHONEOS_DEPLOYMENT_TARGET = 13.1;
				MTL_ENABLE_DEBUG_INFO = NO;
				MTL_FAST_MATH = YES;
				SDKROOT = iphoneos;
				SWIFT_COMPILATION_MODE = wholemodule;
				SWIFT_OPTIMIZATION_LEVEL = "-O";
				VALIDATE_PRODUCT = YES;
			};
			name = Release;
		};
		D9F088A4235637BC0033D7D3 /* Debug */ = {
			isa = XCBuildConfiguration;
			buildSettings = {
				ASSETCATALOG_COMPILER_APPICON_NAME = AppIcon;
				CODE_SIGN_ENTITLEMENTS = notification/notification.entitlements;
				CODE_SIGN_STYLE = Automatic;
				DEVELOPMENT_TEAM = XP4ML92KUD;
				INFOPLIST_FILE = notification/Application/Info.plist;
				LD_RUNPATH_SEARCH_PATHS = (
					"$(inherited)",
					"@executable_path/Frameworks",
				);
				PRODUCT_BUNDLE_IDENTIFIER = emersonvictor.notification;
				PRODUCT_NAME = "$(TARGET_NAME)";
				SWIFT_VERSION = 5.0;
				TARGETED_DEVICE_FAMILY = "1,2";
			};
			name = Debug;
		};
		D9F088A5235637BC0033D7D3 /* Release */ = {
			isa = XCBuildConfiguration;
			buildSettings = {
				ASSETCATALOG_COMPILER_APPICON_NAME = AppIcon;
				CODE_SIGN_ENTITLEMENTS = notification/notification.entitlements;
				CODE_SIGN_STYLE = Automatic;
				DEVELOPMENT_TEAM = XP4ML92KUD;
				INFOPLIST_FILE = notification/Application/Info.plist;
				LD_RUNPATH_SEARCH_PATHS = (
					"$(inherited)",
					"@executable_path/Frameworks",
				);
				PRODUCT_BUNDLE_IDENTIFIER = emersonvictor.notification;
				PRODUCT_NAME = "$(TARGET_NAME)";
				SWIFT_VERSION = 5.0;
				TARGETED_DEVICE_FAMILY = "1,2";
			};
			name = Release;
		};
/* End XCBuildConfiguration section */

/* Begin XCConfigurationList section */
		D9F0888A235637BA0033D7D3 /* Build configuration list for PBXProject "notification" */ = {
			isa = XCConfigurationList;
			buildConfigurations = (
				D9F088A1235637BC0033D7D3 /* Debug */,
				D9F088A2235637BC0033D7D3 /* Release */,
			);
			defaultConfigurationIsVisible = 0;
			defaultConfigurationName = Release;
		};
		D9F088A3235637BC0033D7D3 /* Build configuration list for PBXNativeTarget "notification" */ = {
			isa = XCConfigurationList;
			buildConfigurations = (
				D9F088A4235637BC0033D7D3 /* Debug */,
				D9F088A5235637BC0033D7D3 /* Release */,
			);
			defaultConfigurationIsVisible = 0;
			defaultConfigurationName = Release;
		};
/* End XCConfigurationList section */
	};
	rootObject = D9F08887235637BA0033D7D3 /* Project object */;
}
